
Microsoft Visual Studio Solution File, Format Version 11.00
# Visual Studio 2010
Project("{FAE04EC0-301F-11D3-BF4B-00C04F79EFBC}") = "Assembly-CSharp", "Assembly-CSharp.csproj", "{90F2AD81-5E2E-A671-C64A-6F71856002A8}"
EndProject
Project("{FAE04EC0-301F-11D3-BF4B-00C04F79EFBC}") = "Assembly-CSharp-Editor", "Assembly-CSharp-Editor.csproj", "{EEE760EC-2C54-5682-9D6C-4FCD726462E5}"
EndProject
Global
	GlobalSection(SolutionConfigurationPlatforms) = preSolution
		Debug|Any CPU = Debug|Any CPU
		Release|Any CPU = Release|Any CPU
	EndGlobalSection
	GlobalSection(ProjectConfigurationPlatforms) = postSolution
		{90F2AD81-5E2E-A671-C64A-6F71856002A8}.Debug|Any CPU.ActiveCfg = Debug|Any CPU
		{90F2AD81-5E2E-A671-C64A-6F71856002A8}.Debug|Any CPU.Build.0 = Debug|Any CPU
		{90F2AD81-5E2E-A671-C64A-6F71856002A8}.Release|Any CPU.ActiveCfg = Release|Any CPU
		{90F2AD81-5E2E-A671-C64A-6F71856002A8}.Release|Any CPU.Build.0 = Release|Any CPU
		{EEE760EC-2C54-5682-9D6C-4FCD726462E5}.Debug|Any CPU.ActiveCfg = Debug|Any CPU
		{EEE760EC-2C54-5682-9D6C-4FCD726462E5}.Debug|Any CPU.Build.0 = Debug|Any CPU
		{EEE760EC-2C54-5682-9D6C-4FCD726462E5}.Release|Any CPU.ActiveCfg = Release|Any CPU
		{EEE760EC-2C54-5682-9D6C-4FCD726462E5}.Release|Any CPU.Build.0 = Release|Any CPU
	EndGlobalSection
	GlobalSection(SolutionProperties) = preSolution
		HideSolutionNode = FALSE
	EndGlobalSection
	GlobalSection(MonoDevelopProperties) = preSolution
		StartupItem = Assembly-CSharp.csproj
	EndGlobalSection
EndGlobal
